
Microsoft Visual Studio Solution File, Format Version 12.00
# Visual Studio Version 16
VisualStudioVersion = 16.0.29519.87
MinimumVisualStudioVersion = 10.0.40219.1
Project("{2150E333-8FDC-42A3-9474-1A3956D46DE8}") = "src", "src", "{DC60F051-DFB3-4E6D-81B2-F6047DB666F6}"
EndProject
Project("{9A19103F-16F7-4668-BE54-9A1E7A4F7556}") = "FreakyFashion.WebMVC", "src\Web Apps\FreakyFashion.WebMVC\FreakyFashion.WebMVC.csproj", "{EE38EB76-E220-41BA-8AB1-0128FAC2F6AD}"
EndProject
Project("{2150E333-8FDC-42A3-9474-1A3956D46DE8}") = "Web Apps", "Web Apps", "{C2A364FF-71E6-4537-9D69-A188C6FA61C0}"
EndProject
Project("{2150E333-8FDC-42A3-9474-1A3956D46DE8}") = "Services", "Services", "{4ED0AA21-CDD7-4BE7-886A-17FB7938225A}"
EndProject
Project("{2150E333-8FDC-42A3-9474-1A3956D46DE8}") = "Catalog", "Catalog", "{A07E564B-EF73-4F3D-B2D2-AC3EFA3848EA}"
EndProject
Project("{9A19103F-16F7-4668-BE54-9A1E7A4F7556}") = "Catalog API", "src\Services\Catalog\Catalog API\Catalog API.csproj", "{F2AA17D2-8C1E-439D-8171-547AD31E4FE2}"
EndProject
Project("{E53339B2-1760-4266-BCC7-CA923CBCF16C}") = "docker-compose", "docker-compose.dcproj", "{696833B5-7F96-4C8D-958D-B48AA3163021}"
EndProject
Global
	GlobalSection(SolutionConfigurationPlatforms) = preSolution
		Debug|Any CPU = Debug|Any CPU
		Release|Any CPU = Release|Any CPU
	EndGlobalSection
	GlobalSection(ProjectConfigurationPlatforms) = postSolution
		{EE38EB76-E220-41BA-8AB1-0128FAC2F6AD}.Debug|Any CPU.ActiveCfg = Debug|Any CPU
		{EE38EB76-E220-41BA-8AB1-0128FAC2F6AD}.Debug|Any CPU.Build.0 = Debug|Any CPU
		{EE38EB76-E220-41BA-8AB1-0128FAC2F6AD}.Release|Any CPU.ActiveCfg = Release|Any CPU
		{EE38EB76-E220-41BA-8AB1-0128FAC2F6AD}.Release|Any CPU.Build.0 = Release|Any CPU
		{F2AA17D2-8C1E-439D-8171-547AD31E4FE2}.Debug|Any CPU.ActiveCfg = Debug|Any CPU
		{F2AA17D2-8C1E-439D-8171-547AD31E4FE2}.Debug|Any CPU.Build.0 = Debug|Any CPU
		{F2AA17D2-8C1E-439D-8171-547AD31E4FE2}.Release|Any CPU.ActiveCfg = Release|Any CPU
		{F2AA17D2-8C1E-439D-8171-547AD31E4FE2}.Release|Any CPU.Build.0 = Release|Any CPU
		{696833B5-7F96-4C8D-958D-B48AA3163021}.Debug|Any CPU.ActiveCfg = Debug|Any CPU
		{696833B5-7F96-4C8D-958D-B48AA3163021}.Debug|Any CPU.Build.0 = Debug|Any CPU
		{696833B5-7F96-4C8D-958D-B48AA3163021}.Release|Any CPU.ActiveCfg = Release|Any CPU
		{696833B5-7F96-4C8D-958D-B48AA3163021}.Release|Any CPU.Build.0 = Release|Any CPU
	EndGlobalSection
	GlobalSection(SolutionProperties) = preSolution
		HideSolutionNode = FALSE
	EndGlobalSection
	GlobalSection(NestedProjects) = preSolution
		{EE38EB76-E220-41BA-8AB1-0128FAC2F6AD} = {C2A364FF-71E6-4537-9D69-A188C6FA61C0}
		{C2A364FF-71E6-4537-9D69-A188C6FA61C0} = {DC60F051-DFB3-4E6D-81B2-F6047DB666F6}
		{4ED0AA21-CDD7-4BE7-886A-17FB7938225A} = {DC60F051-DFB3-4E6D-81B2-F6047DB666F6}
		{A07E564B-EF73-4F3D-B2D2-AC3EFA3848EA} = {4ED0AA21-CDD7-4BE7-886A-17FB7938225A}
		{F2AA17D2-8C1E-439D-8171-547AD31E4FE2} = {A07E564B-EF73-4F3D-B2D2-AC3EFA3848EA}
	EndGlobalSection
	GlobalSection(ExtensibilityGlobals) = postSolution
		SolutionGuid = {130B86A8-6D27-409E-A83A-C8D9598073F0}
	EndGlobalSection
EndGlobal
